
Microsoft Visual Studio Solution File, Format Version 12.00
# Visual Studio 15
VisualStudioVersion = 15.0.27703.2026
MinimumVisualStudioVersion = 10.0.40219.1
Project("{9A19103F-16F7-4668-BE54-9A1E7A4F7556}") = "SlackAPI", "SlackAPI.csproj", "{A293F4DD-5AE2-42FB-94F6-F1DF920D8C69}"
EndProject
Project("{9A19103F-16F7-4668-BE54-9A1E7A4F7556}") = "SlackAPI.Test", "..\SlackAPI.Test\SlackAPI.Test.csproj", "{70A26CF9-0A31-46E2-84BD-1E4E96684AFB}"
EndProject
Global
	GlobalSection(SolutionConfigurationPlatforms) = preSolution
		Debug|Any CPU = Debug|Any CPU
		Release|Any CPU = Release|Any CPU
	EndGlobalSection
	GlobalSection(ProjectConfigurationPlatforms) = postSolution
		{A293F4DD-5AE2-42FB-94F6-F1DF920D8C69}.Debug|Any CPU.ActiveCfg = Debug|Any CPU
		{A293F4DD-5AE2-42FB-94F6-F1DF920D8C69}.Debug|Any CPU.Build.0 = Debug|Any CPU
		{A293F4DD-5AE2-42FB-94F6-F1DF920D8C69}.Release|Any CPU.ActiveCfg = Release|Any CPU
		{A293F4DD-5AE2-42FB-94F6-F1DF920D8C69}.Release|Any CPU.Build.0 = Release|Any CPU
		{70A26CF9-0A31-46E2-84BD-1E4E96684AFB}.Debug|Any CPU.ActiveCfg = Debug|Any CPU
		{70A26CF9-0A31-46E2-84BD-1E4E96684AFB}.Debug|Any CPU.Build.0 = Debug|Any CPU
		{70A26CF9-0A31-46E2-84BD-1E4E96684AFB}.Release|Any CPU.ActiveCfg = Release|Any CPU
		{70A26CF9-0A31-46E2-84BD-1E4E96684AFB}.Release|Any CPU.Build.0 = Release|Any CPU
	EndGlobalSection
	GlobalSection(SolutionProperties) = preSolution
		HideSolutionNode = FALSE
	EndGlobalSection
	GlobalSection(ExtensibilityGlobals) = postSolution
		SolutionGuid = {CA20A1F5-7835-4CE9-951D-1A2F5A68A279}
	EndGlobalSection
EndGlobal
